// !$*UTF8*$!
{
	archiveVersion = 1;
	classes = {
	};
	objectVersion = 46;
	objects = {

/* Begin PBXAggregateTarget section */
		1927CC94B31E47F9A8435EA2 /* ALL_BUILD */ = {
			isa = PBXAggregateTarget;
			buildConfigurationList = 005A4FE6736F4BEEA3EFB0AD /* Build configuration list for PBXAggregateTarget "ALL_BUILD" */;
			buildPhases = (
				99B1D9222EE13544B982CA7E /* Generate CMakeFiles/ALL_BUILD */,
			);
			dependencies = (
				862919DBC4E549E1B98D96D9 /* PBXTargetDependency */,
				D1429A8FD00A42FF8FDCE193 /* PBXTargetDependency */,
			);
			name = ALL_BUILD;
			productName = ALL_BUILD;
		};
		6793FBC616C54E20980261CC /* ZERO_CHECK */ = {
			isa = PBXAggregateTarget;
			buildConfigurationList = 19F7D67A6238467F93F1E3C8 /* Build configuration list for PBXAggregateTarget "ZERO_CHECK" */;
			buildPhases = (
				E5CFBA7FC325D81F4D161684 /* Generate CMakeFiles/ZERO_CHECK */,
			);
			dependencies = (
			);
			name = ZERO_CHECK;
			productName = ZERO_CHECK;
		};
/* End PBXAggregateTarget section */

/* Begin PBXBuildFile section */
		26157E4CB38A481698BE8ADA /* /Users/abhishekshivakumar/academics/Iterative-Disparity-Network/main.cpp */ = {isa = PBXBuildFile; fileRef = 6E02B5D3BD74418095C86A0B /* /Users/abhishekshivakumar/academics/Iterative-Disparity-Network/main.cpp */; };
		3C101196A9E94B21A5AA4EF0 /* /Users/abhishekshivakumar/academics/Iterative-Disparity-Network/CMakeLists.txt */ = {isa = PBXBuildFile; fileRef = 8C4C4B1C07A54270BE9FEDA2 /* /Users/abhishekshivakumar/academics/Iterative-Disparity-Network/CMakeLists.txt */; };
		412F072EDD394CC19D6A94B5 /* /Users/abhishekshivakumar/academics/Iterative-Disparity-Network/Network.h */ = {isa = PBXBuildFile; fileRef = CF15072B1DB74378823353CA /* /Users/abhishekshivakumar/academics/Iterative-Disparity-Network/Network.h */; };
		47B185755844416A9CA36E80 /* /Users/abhishekshivakumar/academics/Iterative-Disparity-Network/Network.cpp */ = {isa = PBXBuildFile; fileRef = 760794F4E75C416B979B3F20 /* /Users/abhishekshivakumar/academics/Iterative-Disparity-Network/Network.cpp */; };
		65BE3A4307544C8699C5F81F /* /Users/abhishekshivakumar/academics/Iterative-Disparity-Network/model.h */ = {isa = PBXBuildFile; fileRef = D9115C94F5CB4C21B5BE96C3 /* /Users/abhishekshivakumar/academics/Iterative-Disparity-Network/model.h */; };
		6E62C811084447D1B8D3E6F3 /* /Users/abhishekshivakumar/academics/Iterative-Disparity-Network/utils.h */ = {isa = PBXBuildFile; fileRef = A48897B7496947499167EBC0 /* /Users/abhishekshivakumar/academics/Iterative-Disparity-Network/utils.h */; };
		8A2030E77AE44D2E9D336A3E /* /Users/abhishekshivakumar/academics/Iterative-Disparity-Network/image2.csv */ = {isa = PBXBuildFile; fileRef = 4F23C4988DBA406B9BBFCBE0 /* /Users/abhishekshivakumar/academics/Iterative-Disparity-Network/image2.csv */; };
		9DD92086F0744A43800AF829 /* /Users/abhishekshivakumar/academics/Iterative-Disparity-Network/filesystem.h */ = {isa = PBXBuildFile; fileRef = B157C617B00D4BFCB7C8E3D5 /* /Users/abhishekshivakumar/academics/Iterative-Disparity-Network/filesystem.h */; };
		AA96A0AC66BB4AA886D6A4B3 /* /Users/abhishekshivakumar/academics/Iterative-Disparity-Network/NN.cpp */ = {isa = PBXBuildFile; fileRef = E635311A21E54E1BB30D8AD7 /* /Users/abhishekshivakumar/academics/Iterative-Disparity-Network/NN.cpp */; };
		AABB6EBAAAFD4517AA1A9102 /* /Users/abhishekshivakumar/academics/Iterative-Disparity-Network/image1.csv */ = {isa = PBXBuildFile; fileRef = 57C4AE75D1DA42BCBC9C61A6 /* /Users/abhishekshivakumar/academics/Iterative-Disparity-Network/image1.csv */; };
		CAF660CBA22B47ACA2B90EBE /* /Users/abhishekshivakumar/academics/Iterative-Disparity-Network/dispnet.h */ = {isa = PBXBuildFile; fileRef = 56A9B452EF53410C8D27A6CC /* /Users/abhishekshivakumar/academics/Iterative-Disparity-Network/dispnet.h */; };
		CFB03173E5F5453D95F477C6 /* /Users/abhishekshivakumar/academics/Iterative-Disparity-Network/disparityNet.h */ = {isa = PBXBuildFile; fileRef = 201535A3E0314B539292F889 /* /Users/abhishekshivakumar/academics/Iterative-Disparity-Network/disparityNet.h */; };
		E9DAFBBA292E4151806EE2C3 /* /Users/abhishekshivakumar/academics/Iterative-Disparity-Network/NN.h */ = {isa = PBXBuildFile; fileRef = 016C3FC17EBF45B58FD45CCA /* /Users/abhishekshivakumar/academics/Iterative-Disparity-Network/NN.h */; };
/* End PBXBuildFile section */

/* Begin PBXBuildStyle section */
		06FC8612FF82429C951CD53C /* RelWithDebInfo */ = {
			isa = PBXBuildStyle;
			buildSettings = {
				COPY_PHASE_STRIP = NO;
			};
			name = RelWithDebInfo;
		};
		33542BBFE7EE405584E1E15E /* Debug */ = {
			isa = PBXBuildStyle;
			buildSettings = {
				COPY_PHASE_STRIP = NO;
			};
			name = Debug;
		};
		930C4C8EF2344EB990542675 /* MinSizeRel */ = {
			isa = PBXBuildStyle;
			buildSettings = {
				COPY_PHASE_STRIP = NO;
			};
			name = MinSizeRel;
		};
		9DBD9E1BD4B14950A9846D97 /* Release */ = {
			isa = PBXBuildStyle;
			buildSettings = {
				COPY_PHASE_STRIP = NO;
			};
			name = Release;
		};
/* End PBXBuildStyle section */

/* Begin PBXContainerItemProxy section */
		4004F3D017AB458B9200B552 /* PBXContainerItemProxy */ = {
			isa = PBXContainerItemProxy;
			containerPortal = E42F618F53C44BDBB5BE5E78 /* Project object */;
			proxyType = 1;
			remoteGlobalIDString = A574D754AA3C4603A2EF8C9B;
			remoteInfo = DisparityNetwork;
		};
		CD80EA1B68EF45A48BA7F626 /* PBXContainerItemProxy */ = {
			isa = PBXContainerItemProxy;
			containerPortal = E42F618F53C44BDBB5BE5E78 /* Project object */;
			proxyType = 1;
			remoteGlobalIDString = 6793FBC616C54E20980261CC;
			remoteInfo = ZERO_CHECK;
		};
		FC6196A768D24C3295114072 /* PBXContainerItemProxy */ = {
			isa = PBXContainerItemProxy;
			containerPortal = E42F618F53C44BDBB5BE5E78 /* Project object */;
			proxyType = 1;
			remoteGlobalIDString = 6793FBC616C54E20980261CC;
			remoteInfo = ZERO_CHECK;
		};
/* End PBXContainerItemProxy section */

/* Begin PBXFileReference section */
		016C3FC17EBF45B58FD45CCA /* /Users/abhishekshivakumar/academics/Iterative-Disparity-Network/NN.h */ = {isa = PBXFileReference; explicitFileType = sourcecode.c.h; fileEncoding = 4; name = NN.h; path = NN.h; sourceTree = SOURCE_ROOT; };
		1272524DF20547F3AD2DAA39 /* /Users/abhishekshivakumar/academics/Iterative-Disparity-Network/CMakeLists.txt */ = {isa = PBXFileReference; explicitFileType = sourcecode.text; fileEncoding = 4; name = CMakeLists.txt; path = CMakeLists.txt; sourceTree = SOURCE_ROOT; };
		201535A3E0314B539292F889 /* /Users/abhishekshivakumar/academics/Iterative-Disparity-Network/disparityNet.h */ = {isa = PBXFileReference; explicitFileType = sourcecode.c.h; fileEncoding = 4; name = disparityNet.h; path = disparityNet.h; sourceTree = SOURCE_ROOT; };
		4F23C4988DBA406B9BBFCBE0 /* /Users/abhishekshivakumar/academics/Iterative-Disparity-Network/image2.csv */ = {isa = PBXFileReference; explicitFileType = sourcecode; fileEncoding = 4; name = image2.csv; path = image2.csv; sourceTree = SOURCE_ROOT; };
		4FB2E88B94374CACBCE8B167 /* DisparityNetwork */ = {isa = PBXFileReference; explicitFileType = "compiled.mach-o.executable"; path = DisparityNetwork; sourceTree = BUILT_PRODUCTS_DIR; };
		56A9B452EF53410C8D27A6CC /* /Users/abhishekshivakumar/academics/Iterative-Disparity-Network/dispnet.h */ = {isa = PBXFileReference; explicitFileType = sourcecode.c.h; fileEncoding = 4; name = dispnet.h; path = dispnet.h; sourceTree = SOURCE_ROOT; };
		57C4AE75D1DA42BCBC9C61A6 /* /Users/abhishekshivakumar/academics/Iterative-Disparity-Network/image1.csv */ = {isa = PBXFileReference; explicitFileType = sourcecode; fileEncoding = 4; name = image1.csv; path = image1.csv; sourceTree = SOURCE_ROOT; };
		6E02B5D3BD74418095C86A0B /* /Users/abhishekshivakumar/academics/Iterative-Disparity-Network/main.cpp */ = {isa = PBXFileReference; explicitFileType = sourcecode.cpp.cpp; fileEncoding = 4; name = main.cpp; path = main.cpp; sourceTree = SOURCE_ROOT; };
		760794F4E75C416B979B3F20 /* /Users/abhishekshivakumar/academics/Iterative-Disparity-Network/Network.cpp */ = {isa = PBXFileReference; explicitFileType = sourcecode.cpp.cpp; fileEncoding = 4; name = Network.cpp; path = Network.cpp; sourceTree = SOURCE_ROOT; };
		8C4C4B1C07A54270BE9FEDA2 /* /Users/abhishekshivakumar/academics/Iterative-Disparity-Network/CMakeLists.txt */ = {isa = PBXFileReference; explicitFileType = sourcecode.text; fileEncoding = 4; name = CMakeLists.txt; path = CMakeLists.txt; sourceTree = SOURCE_ROOT; };
		A48897B7496947499167EBC0 /* /Users/abhishekshivakumar/academics/Iterative-Disparity-Network/utils.h */ = {isa = PBXFileReference; explicitFileType = sourcecode.c.h; fileEncoding = 4; name = utils.h; path = utils.h; sourceTree = SOURCE_ROOT; };
		B157C617B00D4BFCB7C8E3D5 /* /Users/abhishekshivakumar/academics/Iterative-Disparity-Network/filesystem.h */ = {isa = PBXFileReference; explicitFileType = sourcecode.c.h; fileEncoding = 4; name = filesystem.h; path = filesystem.h; sourceTree = SOURCE_ROOT; };
		CF15072B1DB74378823353CA /* /Users/abhishekshivakumar/academics/Iterative-Disparity-Network/Network.h */ = {isa = PBXFileReference; explicitFileType = sourcecode.c.h; fileEncoding = 4; name = Network.h; path = Network.h; sourceTree = SOURCE_ROOT; };
		D9115C94F5CB4C21B5BE96C3 /* /Users/abhishekshivakumar/academics/Iterative-Disparity-Network/model.h */ = {isa = PBXFileReference; explicitFileType = sourcecode.c.h; fileEncoding = 4; name = model.h; path = model.h; sourceTree = SOURCE_ROOT; };
		E635311A21E54E1BB30D8AD7 /* /Users/abhishekshivakumar/academics/Iterative-Disparity-Network/NN.cpp */ = {isa = PBXFileReference; explicitFileType = sourcecode.cpp.cpp; fileEncoding = 4; name = NN.cpp; path = NN.cpp; sourceTree = SOURCE_ROOT; };
/* End PBXFileReference section */

/* Begin PBXFrameworksBuildPhase section */
		4E06382E31114D33A8C05232 /* Frameworks */ = {
			isa = PBXFrameworksBuildPhase;
			buildActionMask = 2147483647;
			files = (
			);
			runOnlyForDeploymentPostprocessing = 0;
		};
/* End PBXFrameworksBuildPhase section */

/* Begin PBXGroup section */
		1842C307199A4D80A2321E3F /* Products */ = {
			isa = PBXGroup;
			children = (
				4FB2E88B94374CACBCE8B167 /* DisparityNetwork */,
			);
			name = Products;
			sourceTree = "<group>";
		};
		229A9584E08548979DB34776 /* Source Files */ = {
			isa = PBXGroup;
			children = (
				E635311A21E54E1BB30D8AD7 /* /Users/abhishekshivakumar/academics/Iterative-Disparity-Network/NN.cpp */,
				760794F4E75C416B979B3F20 /* /Users/abhishekshivakumar/academics/Iterative-Disparity-Network/Network.cpp */,
				6E02B5D3BD74418095C86A0B /* /Users/abhishekshivakumar/academics/Iterative-Disparity-Network/main.cpp */,
			);
			name = "Source Files";
			sourceTree = "<group>";
		};
		2416A779B81646B7B3501851 /* ALL_BUILD */ = {
			isa = PBXGroup;
			children = (
				C92058203F9F49D899367441 /* CMake Rules */,
				1272524DF20547F3AD2DAA39 /* /Users/abhishekshivakumar/academics/Iterative-Disparity-Network/CMakeLists.txt */,
			);
			name = ALL_BUILD;
			sourceTree = "<group>";
		};
		768B26E3D76C49E28ACAEE69 /* Frameworks */ = {
			isa = PBXGroup;
			children = (
			);
			name = Frameworks;
			sourceTree = "<group>";
		};
		8B3A20FE0AD64DA194A6EB9F /* DisparityNetwork */ = {
			isa = PBXGroup;
			children = (
				B2564FC876794193BB8ED648 /* Header Files */,
				229A9584E08548979DB34776 /* Source Files */,
				8C4C4B1C07A54270BE9FEDA2 /* /Users/abhishekshivakumar/academics/Iterative-Disparity-Network/CMakeLists.txt */,
				57C4AE75D1DA42BCBC9C61A6 /* /Users/abhishekshivakumar/academics/Iterative-Disparity-Network/image1.csv */,
				4F23C4988DBA406B9BBFCBE0 /* /Users/abhishekshivakumar/academics/Iterative-Disparity-Network/image2.csv */,
			);
			name = DisparityNetwork;
			sourceTree = "<group>";
		};
		A0F09D2E6BE34A46A70FCCDF = {
			isa = PBXGroup;
			children = (
				8B3A20FE0AD64DA194A6EB9F /* DisparityNetwork */,
				2416A779B81646B7B3501851 /* ALL_BUILD */,
				1842C307199A4D80A2321E3F /* Products */,
				768B26E3D76C49E28ACAEE69 /* Frameworks */,
			);
			sourceTree = "<group>";
		};
		B2564FC876794193BB8ED648 /* Header Files */ = {
			isa = PBXGroup;
			children = (
				016C3FC17EBF45B58FD45CCA /* /Users/abhishekshivakumar/academics/Iterative-Disparity-Network/NN.h */,
				CF15072B1DB74378823353CA /* /Users/abhishekshivakumar/academics/Iterative-Disparity-Network/Network.h */,
				201535A3E0314B539292F889 /* /Users/abhishekshivakumar/academics/Iterative-Disparity-Network/disparityNet.h */,
				56A9B452EF53410C8D27A6CC /* /Users/abhishekshivakumar/academics/Iterative-Disparity-Network/dispnet.h */,
				B157C617B00D4BFCB7C8E3D5 /* /Users/abhishekshivakumar/academics/Iterative-Disparity-Network/filesystem.h */,
				D9115C94F5CB4C21B5BE96C3 /* /Users/abhishekshivakumar/academics/Iterative-Disparity-Network/model.h */,
				A48897B7496947499167EBC0 /* /Users/abhishekshivakumar/academics/Iterative-Disparity-Network/utils.h */,
			);
			name = "Header Files";
			sourceTree = "<group>";
		};
		C92058203F9F49D899367441 /* CMake Rules */ = {
			isa = PBXGroup;
			children = (
			);
			name = "CMake Rules";
			sourceTree = "<group>";
		};
/* End PBXGroup section */

/* Begin PBXNativeTarget section */
		A574D754AA3C4603A2EF8C9B /* DisparityNetwork */ = {
			isa = PBXNativeTarget;
			buildConfigurationList = 21DBF33E02E145768DE4AFC3 /* Build configuration list for PBXNativeTarget "DisparityNetwork" */;
			buildPhases = (
				56D71EEDAA3A4F6A933FB853 /* Sources */,
				4E06382E31114D33A8C05232 /* Frameworks */,
			);
			buildRules = (
			);
			dependencies = (
				1C47BB973C554E7D922E2877 /* PBXTargetDependency */,
			);
			name = DisparityNetwork;
			productName = DisparityNetwork;
			productReference = 4FB2E88B94374CACBCE8B167 /* DisparityNetwork */;
			productType = "com.apple.product-type.tool";
		};
/* End PBXNativeTarget section */

/* Begin PBXProject section */
		E42F618F53C44BDBB5BE5E78 /* Project object */ = {
			isa = PBXProject;
			attributes = {
				BuildIndependentTargetsInParallel = YES;
				LastUpgradeCheck = 1340;
			};
			buildConfigurationList = 2B9B3CDA5B074D338CCF1DFF /* Build configuration list for PBXProject "DisparityNetwork" */;
			buildSettings = {
			};
			buildStyles = (
				33542BBFE7EE405584E1E15E /* Debug */,
				9DBD9E1BD4B14950A9846D97 /* Release */,
				930C4C8EF2344EB990542675 /* MinSizeRel */,
				06FC8612FF82429C951CD53C /* RelWithDebInfo */,
			);
			compatibilityVersion = "Xcode 3.2";
			hasScannedForEncodings = 0;
			mainGroup = A0F09D2E6BE34A46A70FCCDF;
			projectDirPath = ../;
			projectRoot = "";
			targets = (
				1927CC94B31E47F9A8435EA2 /* ALL_BUILD */,
				A574D754AA3C4603A2EF8C9B /* DisparityNetwork */,
				6793FBC616C54E20980261CC /* ZERO_CHECK */,
			);
		};
/* End PBXProject section */

/* Begin PBXShellScriptBuildPhase section */
		3C0110FC8322DE7E50886E21 = {
			isa = PBXShellScriptBuildPhase;
			buildActionMask = 2147483647;
			files = (
			);
			inputPaths = (
			);
			outputPaths = (
			);
			runOnlyForDeploymentPostprocessing = 0;
			shellPath = /bin/sh;
			shellScript = "# shell script goes here
exit 0";
			showEnvVarsInLog = 0;
		};
		99B1D9222EE13544B982CA7E /* Generate CMakeFiles/ALL_BUILD */ = {
			isa = PBXShellScriptBuildPhase;
			alwaysOutOfDate = 1;
			buildActionMask = 2147483647;
			files = (
			);
			inputPaths = (
			);
			name = "Generate CMakeFiles/ALL_BUILD";
			outputPaths = (
"/Users/abhishekshivakumar/academics/Iterative-Disparity-Network/build_M1/CMakeFiles/ALL_BUILD"			);
			runOnlyForDeploymentPostprocessing = 0;
			shellPath = /bin/sh;
			shellScript = "set -e
if test \"$CONFIGURATION\" = \"Debug\"; then :
  cd /Users/abhishekshivakumar/academics/Iterative-Disparity-Network/build_M1
  echo Build\\ all\\ projects
fi
if test \"$CONFIGURATION\" = \"Release\"; then :
  cd /Users/abhishekshivakumar/academics/Iterative-Disparity-Network/build_M1
  echo Build\\ all\\ projects
fi
if test \"$CONFIGURATION\" = \"MinSizeRel\"; then :
  cd /Users/abhishekshivakumar/academics/Iterative-Disparity-Network/build_M1
  echo Build\\ all\\ projects
fi
if test \"$CONFIGURATION\" = \"RelWithDebInfo\"; then :
  cd /Users/abhishekshivakumar/academics/Iterative-Disparity-Network/build_M1
  echo Build\\ all\\ projects
fi
";
			showEnvVarsInLog = 0;
		};
		9B50530E35CC49C82C2FACCF = {
			isa = PBXShellScriptBuildPhase;
			buildActionMask = 2147483647;
			files = (
			);
			inputPaths = (
			);
			outputPaths = (
			);
			runOnlyForDeploymentPostprocessing = 0;
			shellPath = /bin/sh;
			shellScript = "# shell script goes here
exit 0";
			showEnvVarsInLog = 0;
		};
		E5CFBA7FC325D81F4D161684 /* Generate CMakeFiles/ZERO_CHECK */ = {
			isa = PBXShellScriptBuildPhase;
			alwaysOutOfDate = 1;
			buildActionMask = 2147483647;
			files = (
			);
			inputPaths = (
			);
			name = "Generate CMakeFiles/ZERO_CHECK";
			outputPaths = (
"/Users/abhishekshivakumar/academics/Iterative-Disparity-Network/build_M1/CMakeFiles/ZERO_CHECK"			);
			runOnlyForDeploymentPostprocessing = 0;
			shellPath = /bin/sh;
			shellScript = "set -e
if test \"$CONFIGURATION\" = \"Debug\"; then :
  cd /Users/abhishekshivakumar/academics/Iterative-Disparity-Network/build_M1
  make -f /Users/abhishekshivakumar/academics/Iterative-Disparity-Network/build_M1/CMakeScripts/ReRunCMake.make
fi
if test \"$CONFIGURATION\" = \"Release\"; then :
  cd /Users/abhishekshivakumar/academics/Iterative-Disparity-Network/build_M1
  make -f /Users/abhishekshivakumar/academics/Iterative-Disparity-Network/build_M1/CMakeScripts/ReRunCMake.make
fi
if test \"$CONFIGURATION\" = \"MinSizeRel\"; then :
  cd /Users/abhishekshivakumar/academics/Iterative-Disparity-Network/build_M1
  make -f /Users/abhishekshivakumar/academics/Iterative-Disparity-Network/build_M1/CMakeScripts/ReRunCMake.make
fi
if test \"$CONFIGURATION\" = \"RelWithDebInfo\"; then :
  cd /Users/abhishekshivakumar/academics/Iterative-Disparity-Network/build_M1
  make -f /Users/abhishekshivakumar/academics/Iterative-Disparity-Network/build_M1/CMakeScripts/ReRunCMake.make
fi
";
			showEnvVarsInLog = 0;
		};
/* End PBXShellScriptBuildPhase section */

/* Begin PBXSourcesBuildPhase section */
		56D71EEDAA3A4F6A933FB853 /* Sources */ = {
			isa = PBXSourcesBuildPhase;
			buildActionMask = 2147483647;
			files = (
				AA96A0AC66BB4AA886D6A4B3 /* /Users/abhishekshivakumar/academics/Iterative-Disparity-Network/NN.cpp */,
				47B185755844416A9CA36E80 /* /Users/abhishekshivakumar/academics/Iterative-Disparity-Network/Network.cpp */,
				26157E4CB38A481698BE8ADA /* /Users/abhishekshivakumar/academics/Iterative-Disparity-Network/main.cpp */,
			);
			runOnlyForDeploymentPostprocessing = 0;
		};
/* End PBXSourcesBuildPhase section */

/* Begin PBXTargetDependency section */
		1C47BB973C554E7D922E2877 /* PBXTargetDependency */ = {
			isa = PBXTargetDependency;
			target = 6793FBC616C54E20980261CC /* ZERO_CHECK */;
			targetProxy = FC6196A768D24C3295114072 /* PBXContainerItemProxy */;
		};
		862919DBC4E549E1B98D96D9 /* PBXTargetDependency */ = {
			isa = PBXTargetDependency;
			target = 6793FBC616C54E20980261CC /* ZERO_CHECK */;
			targetProxy = CD80EA1B68EF45A48BA7F626 /* PBXContainerItemProxy */;
		};
		D1429A8FD00A42FF8FDCE193 /* PBXTargetDependency */ = {
			isa = PBXTargetDependency;
			target = A574D754AA3C4603A2EF8C9B /* DisparityNetwork */;
			targetProxy = 4004F3D017AB458B9200B552 /* PBXContainerItemProxy */;
		};
/* End PBXTargetDependency section */

/* Begin XCBuildConfiguration section */
		170FF9F8DF784A4C98028623 /* MinSizeRel */ = {
			isa = XCBuildConfiguration;
			buildSettings = {
				ARCHS = arm64;
				SDKROOT = /Applications/Xcode.app/Contents/Developer/Platforms/MacOSX.platform/Developer/SDKs/MacOSX12.3.sdk;
				SYMROOT = "/Users/abhishekshivakumar/academics/Iterative-Disparity-Network/build_M1/build";
			};
			name = MinSizeRel;
		};
		2050490F24734D6B86B7ACBD /* RelWithDebInfo */ = {
			isa = XCBuildConfiguration;
			buildSettings = {
				ARCHS = arm64;
				COMBINE_HIDPI_IMAGES = YES;
				GCC_GENERATE_DEBUGGING_SYMBOLS = YES;
				GCC_INLINES_ARE_PRIVATE_EXTERN = NO;
				GCC_OPTIMIZATION_LEVEL = 0;
				GCC_PREPROCESSOR_DEFINITIONS = ("'CMAKE_INTDIR=\"$(CONFIGURATION)$(EFFECTIVE_PLATFORM_NAME)\"'","$(inherited)");
				GCC_SYMBOLS_PRIVATE_EXTERN = NO;
				INSTALL_PATH = "";
				ONLY_ACTIVE_ARCH = NO;
				OTHER_LDFLAGS = ("","$(inherited)");
				OTHER_REZFLAGS = "";
				PRODUCT_NAME = ZERO_CHECK;
				SECTORDER_FLAGS = "";
				SYMROOT = "/Users/abhishekshivakumar/academics/Iterative-Disparity-Network/build_M1";
				USE_HEADERMAP = NO;
				WARNING_CFLAGS = ("$(inherited)");
			};
			name = RelWithDebInfo;
		};
		5D72319AEDFF445CAA6B751A /* Debug */ = {
			isa = XCBuildConfiguration;
			buildSettings = {
				ARCHS = arm64;
				SDKROOT = /Applications/Xcode.app/Contents/Developer/Platforms/MacOSX.platform/Developer/SDKs/MacOSX12.3.sdk;
				SYMROOT = "/Users/abhishekshivakumar/academics/Iterative-Disparity-Network/build_M1/build";
			};
			name = Debug;
		};
		773CE5927A9A4F6A8C60F6C5 /* MinSizeRel */ = {
			isa = XCBuildConfiguration;
			buildSettings = {
				ARCHS = arm64;
				COMBINE_HIDPI_IMAGES = YES;
				GCC_GENERATE_DEBUGGING_SYMBOLS = YES;
				GCC_INLINES_ARE_PRIVATE_EXTERN = NO;
				GCC_OPTIMIZATION_LEVEL = 0;
				GCC_PREPROCESSOR_DEFINITIONS = ("'CMAKE_INTDIR=\"$(CONFIGURATION)$(EFFECTIVE_PLATFORM_NAME)\"'","$(inherited)");
				GCC_SYMBOLS_PRIVATE_EXTERN = NO;
				INSTALL_PATH = "";
				ONLY_ACTIVE_ARCH = NO;
				OTHER_LDFLAGS = ("","$(inherited)");
				OTHER_REZFLAGS = "";
				PRODUCT_NAME = ZERO_CHECK;
				SECTORDER_FLAGS = "";
				SYMROOT = "/Users/abhishekshivakumar/academics/Iterative-Disparity-Network/build_M1";
				USE_HEADERMAP = NO;
				WARNING_CFLAGS = ("$(inherited)");
			};
			name = MinSizeRel;
		};
		86E01123A1734F70B42228A9 /* RelWithDebInfo */ = {
			isa = XCBuildConfiguration;
			buildSettings = {
				ARCHS = arm64;
				COMBINE_HIDPI_IMAGES = YES;
				GCC_GENERATE_DEBUGGING_SYMBOLS = YES;
				GCC_INLINES_ARE_PRIVATE_EXTERN = NO;
				GCC_OPTIMIZATION_LEVEL = 0;
				GCC_PREPROCESSOR_DEFINITIONS = ("'CMAKE_INTDIR=\"$(CONFIGURATION)$(EFFECTIVE_PLATFORM_NAME)\"'","$(inherited)");
				GCC_SYMBOLS_PRIVATE_EXTERN = NO;
				INSTALL_PATH = "";
				ONLY_ACTIVE_ARCH = NO;
				OTHER_LDFLAGS = ("","$(inherited)");
				OTHER_REZFLAGS = "";
				PRODUCT_NAME = ALL_BUILD;
				SECTORDER_FLAGS = "";
				SYMROOT = "/Users/abhishekshivakumar/academics/Iterative-Disparity-Network/build_M1";
				USE_HEADERMAP = NO;
				WARNING_CFLAGS = ("$(inherited)");
			};
			name = RelWithDebInfo;
		};
		A25745142D8F4FAB84B4209A /* RelWithDebInfo */ = {
			isa = XCBuildConfiguration;
			buildSettings = {
				ARCHS = arm64;
				SDKROOT = /Applications/Xcode.app/Contents/Developer/Platforms/MacOSX.platform/Developer/SDKs/MacOSX12.3.sdk;
				SYMROOT = "/Users/abhishekshivakumar/academics/Iterative-Disparity-Network/build_M1/build";
			};
			name = RelWithDebInfo;
		};
		A90B336B140341CE86C91A0A /* Debug */ = {
			isa = XCBuildConfiguration;
			buildSettings = {
				ARCHS = arm64;
				COMBINE_HIDPI_IMAGES = YES;
				GCC_GENERATE_DEBUGGING_SYMBOLS = YES;
				GCC_INLINES_ARE_PRIVATE_EXTERN = NO;
				GCC_OPTIMIZATION_LEVEL = 0;
				GCC_PREPROCESSOR_DEFINITIONS = ("'CMAKE_INTDIR=\"$(CONFIGURATION)$(EFFECTIVE_PLATFORM_NAME)\"'","$(inherited)");
				GCC_SYMBOLS_PRIVATE_EXTERN = NO;
				INSTALL_PATH = "";
				ONLY_ACTIVE_ARCH = NO;
				OTHER_LDFLAGS = ("","$(inherited)");
				OTHER_REZFLAGS = "";
				PRODUCT_NAME = ZERO_CHECK;
				SECTORDER_FLAGS = "";
				SYMROOT = "/Users/abhishekshivakumar/academics/Iterative-Disparity-Network/build_M1";
				USE_HEADERMAP = NO;
				WARNING_CFLAGS = ("$(inherited)");
			};
			name = Debug;
		};
		AB3F998B72F149EAA78F8301 /* Release */ = {
			isa = XCBuildConfiguration;
			buildSettings = {
				ARCHS = arm64;
				SDKROOT = /Applications/Xcode.app/Contents/Developer/Platforms/MacOSX.platform/Developer/SDKs/MacOSX12.3.sdk;
				SYMROOT = "/Users/abhishekshivakumar/academics/Iterative-Disparity-Network/build_M1/build";
			};
			name = Release;
		};
		B3A3BEA0DF274AC7BC26AF9F /* Release */ = {
			isa = XCBuildConfiguration;
			buildSettings = {
				ARCHS = arm64;
				COMBINE_HIDPI_IMAGES = YES;
				GCC_GENERATE_DEBUGGING_SYMBOLS = YES;
				GCC_INLINES_ARE_PRIVATE_EXTERN = NO;
				GCC_OPTIMIZATION_LEVEL = 0;
				GCC_PREPROCESSOR_DEFINITIONS = ("'CMAKE_INTDIR=\"$(CONFIGURATION)$(EFFECTIVE_PLATFORM_NAME)\"'","$(inherited)");
				GCC_SYMBOLS_PRIVATE_EXTERN = NO;
				INSTALL_PATH = "";
				ONLY_ACTIVE_ARCH = NO;
				OTHER_LDFLAGS = ("","$(inherited)");
				OTHER_REZFLAGS = "";
				PRODUCT_NAME = ZERO_CHECK;
				SECTORDER_FLAGS = "";
				SYMROOT = "/Users/abhishekshivakumar/academics/Iterative-Disparity-Network/build_M1";
				USE_HEADERMAP = NO;
				WARNING_CFLAGS = ("$(inherited)");
			};
			name = Release;
		};
		B4D1B503F1374CA78829D7D5 /* Release */ = {
			isa = XCBuildConfiguration;
			buildSettings = {
				ARCHS = arm64;
				COMBINE_HIDPI_IMAGES = YES;
				EXECUTABLE_PREFIX = "";
				EXECUTABLE_SUFFIX = "";
				GCC_GENERATE_DEBUGGING_SYMBOLS = NO;
				GCC_INLINES_ARE_PRIVATE_EXTERN = NO;
				GCC_OPTIMIZATION_LEVEL = 3;
				GCC_PREPROCESSOR_DEFINITIONS = ("'CMAKE_INTDIR=\"$(CONFIGURATION)$(EFFECTIVE_PLATFORM_NAME)\"'","$(inherited)");
				GCC_SYMBOLS_PRIVATE_EXTERN = NO;
				INSTALL_PATH = "";
				ONLY_ACTIVE_ARCH = NO;
				OTHER_CPLUSPLUSFLAGS = "    -DNDEBUG '-std=gnu++17' ";
				OTHER_LDFLAGS = (" -Wl,-search_paths_first -Wl,-headerpad_max_install_names","$(inherited)");
				OTHER_REZFLAGS = "";
				PRODUCT_NAME = DisparityNetwork;
				SECTORDER_FLAGS = "";
				SYMROOT = "/Users/abhishekshivakumar/academics/Iterative-Disparity-Network/build_M1";
				USE_HEADERMAP = NO;
				WARNING_CFLAGS = ("$(inherited)");
			};
			name = Release;
		};
		CFA76EB1ABDE4F2795DA7656 /* RelWithDebInfo */ = {
			isa = XCBuildConfiguration;
			buildSettings = {
				ARCHS = arm64;
				COMBINE_HIDPI_IMAGES = YES;
				EXECUTABLE_PREFIX = "";
				EXECUTABLE_SUFFIX = "";
				GCC_GENERATE_DEBUGGING_SYMBOLS = YES;
				GCC_INLINES_ARE_PRIVATE_EXTERN = NO;
				GCC_OPTIMIZATION_LEVEL = 2;
				GCC_PREPROCESSOR_DEFINITIONS = ("'CMAKE_INTDIR=\"$(CONFIGURATION)$(EFFECTIVE_PLATFORM_NAME)\"'","$(inherited)");
				GCC_SYMBOLS_PRIVATE_EXTERN = NO;
				INSTALL_PATH = "";
				ONLY_ACTIVE_ARCH = NO;
				OTHER_CPLUSPLUSFLAGS = "       -DNDEBUG '-std=gnu++17' ";
				OTHER_LDFLAGS = (" -Wl,-search_paths_first -Wl,-headerpad_max_install_names","$(inherited)");
				OTHER_REZFLAGS = "";
				PRODUCT_NAME = DisparityNetwork;
				SECTORDER_FLAGS = "";
				SYMROOT = "/Users/abhishekshivakumar/academics/Iterative-Disparity-Network/build_M1";
				USE_HEADERMAP = NO;
				WARNING_CFLAGS = ("$(inherited)");
			};
			name = RelWithDebInfo;
		};
		D8ABDD07C11348E4B8EE7068 /* MinSizeRel */ = {
			isa = XCBuildConfiguration;
			buildSettings = {
				ARCHS = arm64;
				COMBINE_HIDPI_IMAGES = YES;
				GCC_GENERATE_DEBUGGING_SYMBOLS = YES;
				GCC_INLINES_ARE_PRIVATE_EXTERN = NO;
				GCC_OPTIMIZATION_LEVEL = 0;
				GCC_PREPROCESSOR_DEFINITIONS = ("'CMAKE_INTDIR=\"$(CONFIGURATION)$(EFFECTIVE_PLATFORM_NAME)\"'","$(inherited)");
				GCC_SYMBOLS_PRIVATE_EXTERN = NO;
				INSTALL_PATH = "";
				ONLY_ACTIVE_ARCH = NO;
				OTHER_LDFLAGS = ("","$(inherited)");
				OTHER_REZFLAGS = "";
				PRODUCT_NAME = ALL_BUILD;
				SECTORDER_FLAGS = "";
				SYMROOT = "/Users/abhishekshivakumar/academics/Iterative-Disparity-Network/build_M1";
				USE_HEADERMAP = NO;
				WARNING_CFLAGS = ("$(inherited)");
			};
			name = MinSizeRel;
		};
		D8FD2DCA1A6744EAB59570D2 /* Release */ = {
			isa = XCBuildConfiguration;
			buildSettings = {
				ARCHS = arm64;
				COMBINE_HIDPI_IMAGES = YES;
				GCC_GENERATE_DEBUGGING_SYMBOLS = YES;
				GCC_INLINES_ARE_PRIVATE_EXTERN = NO;
				GCC_OPTIMIZATION_LEVEL = 0;
				GCC_PREPROCESSOR_DEFINITIONS = ("'CMAKE_INTDIR=\"$(CONFIGURATION)$(EFFECTIVE_PLATFORM_NAME)\"'","$(inherited)");
				GCC_SYMBOLS_PRIVATE_EXTERN = NO;
				INSTALL_PATH = "";
				ONLY_ACTIVE_ARCH = NO;
				OTHER_LDFLAGS = ("","$(inherited)");
				OTHER_REZFLAGS = "";
				PRODUCT_NAME = ALL_BUILD;
				SECTORDER_FLAGS = "";
				SYMROOT = "/Users/abhishekshivakumar/academics/Iterative-Disparity-Network/build_M1";
				USE_HEADERMAP = NO;
				WARNING_CFLAGS = ("$(inherited)");
			};
			name = Release;
		};
		EAA076FA76A24E28B627BA44 /* Debug */ = {
			isa = XCBuildConfiguration;
			buildSettings = {
				ARCHS = arm64;
				COMBINE_HIDPI_IMAGES = YES;
				GCC_GENERATE_DEBUGGING_SYMBOLS = YES;
				GCC_INLINES_ARE_PRIVATE_EXTERN = NO;
				GCC_OPTIMIZATION_LEVEL = 0;
				GCC_PREPROCESSOR_DEFINITIONS = ("'CMAKE_INTDIR=\"$(CONFIGURATION)$(EFFECTIVE_PLATFORM_NAME)\"'","$(inherited)");
				GCC_SYMBOLS_PRIVATE_EXTERN = NO;
				INSTALL_PATH = "";
				ONLY_ACTIVE_ARCH = NO;
				OTHER_LDFLAGS = ("","$(inherited)");
				OTHER_REZFLAGS = "";
				PRODUCT_NAME = ALL_BUILD;
				SECTORDER_FLAGS = "";
				SYMROOT = "/Users/abhishekshivakumar/academics/Iterative-Disparity-Network/build_M1";
				USE_HEADERMAP = NO;
				WARNING_CFLAGS = ("$(inherited)");
			};
			name = Debug;
		};
		F2715E8AA0A24276B174649B /* Debug */ = {
			isa = XCBuildConfiguration;
			buildSettings = {
				ARCHS = arm64;
				COMBINE_HIDPI_IMAGES = YES;
				EXECUTABLE_PREFIX = "";
				EXECUTABLE_SUFFIX = "";
				GCC_GENERATE_DEBUGGING_SYMBOLS = YES;
				GCC_INLINES_ARE_PRIVATE_EXTERN = NO;
				GCC_OPTIMIZATION_LEVEL = 0;
				GCC_PREPROCESSOR_DEFINITIONS = ("'CMAKE_INTDIR=\"$(CONFIGURATION)$(EFFECTIVE_PLATFORM_NAME)\"'","$(inherited)");
				GCC_SYMBOLS_PRIVATE_EXTERN = NO;
				INSTALL_PATH = "";
				ONLY_ACTIVE_ARCH = NO;
				OTHER_CPLUSPLUSFLAGS = "   '-std=gnu++17' ";
				OTHER_LDFLAGS = (" -Wl,-search_paths_first -Wl,-headerpad_max_install_names","$(inherited)");
				OTHER_REZFLAGS = "";
				PRODUCT_NAME = DisparityNetwork;
				SECTORDER_FLAGS = "";
				SYMROOT = "/Users/abhishekshivakumar/academics/Iterative-Disparity-Network/build_M1";
				USE_HEADERMAP = NO;
				WARNING_CFLAGS = ("$(inherited)");
			};
			name = Debug;
		};
		F28406EB9E2D49159645BC6F /* MinSizeRel */ = {
			isa = XCBuildConfiguration;
			buildSettings = {
				ARCHS = arm64;
				COMBINE_HIDPI_IMAGES = YES;
				EXECUTABLE_PREFIX = "";
				EXECUTABLE_SUFFIX = "";
				GCC_GENERATE_DEBUGGING_SYMBOLS = NO;
				GCC_INLINES_ARE_PRIVATE_EXTERN = NO;
				GCC_OPTIMIZATION_LEVEL = s;
				GCC_PREPROCESSOR_DEFINITIONS = ("'CMAKE_INTDIR=\"$(CONFIGURATION)$(EFFECTIVE_PLATFORM_NAME)\"'","$(inherited)");
				GCC_SYMBOLS_PRIVATE_EXTERN = NO;
				INSTALL_PATH = "";
				ONLY_ACTIVE_ARCH = NO;
				OTHER_CPLUSPLUSFLAGS = "    -DNDEBUG '-std=gnu++17' ";
				OTHER_LDFLAGS = (" -Wl,-search_paths_first -Wl,-headerpad_max_install_names","$(inherited)");
				OTHER_REZFLAGS = "";
				PRODUCT_NAME = DisparityNetwork;
				SECTORDER_FLAGS = "";
				SYMROOT = "/Users/abhishekshivakumar/academics/Iterative-Disparity-Network/build_M1";
				USE_HEADERMAP = NO;
				WARNING_CFLAGS = ("$(inherited)");
			};
			name = MinSizeRel;
		};
/* End XCBuildConfiguration section */

/* Begin XCConfigurationList section */
		005A4FE6736F4BEEA3EFB0AD /* Build configuration list for PBXAggregateTarget "ALL_BUILD" */ = {
			isa = XCConfigurationList;
			buildConfigurations = (
				EAA076FA76A24E28B627BA44 /* Debug */,
				D8FD2DCA1A6744EAB59570D2 /* Release */,
				D8ABDD07C11348E4B8EE7068 /* MinSizeRel */,
				86E01123A1734F70B42228A9 /* RelWithDebInfo */,
			);
			defaultConfigurationIsVisible = 0;
			defaultConfigurationName = Debug;
		};
		19F7D67A6238467F93F1E3C8 /* Build configuration list for PBXAggregateTarget "ZERO_CHECK" */ = {
			isa = XCConfigurationList;
			buildConfigurations = (
				A90B336B140341CE86C91A0A /* Debug */,
				B3A3BEA0DF274AC7BC26AF9F /* Release */,
				773CE5927A9A4F6A8C60F6C5 /* MinSizeRel */,
				2050490F24734D6B86B7ACBD /* RelWithDebInfo */,
			);
			defaultConfigurationIsVisible = 0;
			defaultConfigurationName = Debug;
		};
		21DBF33E02E145768DE4AFC3 /* Build configuration list for PBXNativeTarget "DisparityNetwork" */ = {
			isa = XCConfigurationList;
			buildConfigurations = (
				F2715E8AA0A24276B174649B /* Debug */,
				B4D1B503F1374CA78829D7D5 /* Release */,
				F28406EB9E2D49159645BC6F /* MinSizeRel */,
				CFA76EB1ABDE4F2795DA7656 /* RelWithDebInfo */,
			);
			defaultConfigurationIsVisible = 0;
			defaultConfigurationName = Debug;
		};
		2B9B3CDA5B074D338CCF1DFF /* Build configuration list for PBXProject "DisparityNetwork" */ = {
			isa = XCConfigurationList;
			buildConfigurations = (
				5D72319AEDFF445CAA6B751A /* Debug */,
				AB3F998B72F149EAA78F8301 /* Release */,
				170FF9F8DF784A4C98028623 /* MinSizeRel */,
				A25745142D8F4FAB84B4209A /* RelWithDebInfo */,
			);
			defaultConfigurationIsVisible = 0;
			defaultConfigurationName = Debug;
		};
/* End XCConfigurationList section */
	};
	rootObject = E42F618F53C44BDBB5BE5E78 /* Project object */;
}
